
Microsoft Visual Studio Solution File, Format Version 12.00
# Visual Studio Version 16
VisualStudioVersion = 16.0.29613.14
MinimumVisualStudioVersion = 10.0.40219.1
Project("{FAE04EC0-301F-11D3-BF4B-00C04F79EFBC}") = "ChangeNthBit", "ChangeNthBit\ChangeNthBit.csproj", "{B8D63324-E4ED-4399-8377-85C86B3FC012}"
EndProject
Global
	GlobalSection(SolutionConfigurationPlatforms) = preSolution
		Debug|Any CPU = Debug|Any CPU
		Release|Any CPU = Release|Any CPU
	EndGlobalSection
	GlobalSection(ProjectConfigurationPlatforms) = postSolution
		{B8D63324-E4ED-4399-8377-85C86B3FC012}.Debug|Any CPU.ActiveCfg = Debug|Any CPU
		{B8D63324-E4ED-4399-8377-85C86B3FC012}.Debug|Any CPU.Build.0 = Debug|Any CPU
		{B8D63324-E4ED-4399-8377-85C86B3FC012}.Release|Any CPU.ActiveCfg = Release|Any CPU
		{B8D63324-E4ED-4399-8377-85C86B3FC012}.Release|Any CPU.Build.0 = Release|Any CPU
	EndGlobalSection
	GlobalSection(SolutionProperties) = preSolution
		HideSolutionNode = FALSE
	EndGlobalSection
	GlobalSection(ExtensibilityGlobals) = postSolution
		SolutionGuid = {752B430A-76A7-4420-8F93-810197A0F966}
	EndGlobalSection
EndGlobal
