
Microsoft Visual Studio Solution File, Format Version 12.00
# Visual Studio Version 16
VisualStudioVersion = 16.0.29613.14
MinimumVisualStudioVersion = 10.0.40219.1
Project("{FAE04EC0-301F-11D3-BF4B-00C04F79EFBC}") = "Practical 8", "Practical 8\Practical 8.csproj", "{A97C553F-C890-4A12-B40F-B3798BF90449}"
EndProject
Global
	GlobalSection(SolutionConfigurationPlatforms) = preSolution
		Debug|Any CPU = Debug|Any CPU
		Release|Any CPU = Release|Any CPU
	EndGlobalSection
	GlobalSection(ProjectConfigurationPlatforms) = postSolution
		{A97C553F-C890-4A12-B40F-B3798BF90449}.Debug|Any CPU.ActiveCfg = Debug|Any CPU
		{A97C553F-C890-4A12-B40F-B3798BF90449}.Debug|Any CPU.Build.0 = Debug|Any CPU
		{A97C553F-C890-4A12-B40F-B3798BF90449}.Release|Any CPU.ActiveCfg = Release|Any CPU
		{A97C553F-C890-4A12-B40F-B3798BF90449}.Release|Any CPU.Build.0 = Release|Any CPU
	EndGlobalSection
	GlobalSection(SolutionProperties) = preSolution
		HideSolutionNode = FALSE
	EndGlobalSection
	GlobalSection(ExtensibilityGlobals) = postSolution
		SolutionGuid = {C1C2DD5E-2D91-4A57-BCB7-FE3BBAE5CF7D}
	EndGlobalSection
EndGlobal
