
Microsoft Visual Studio Solution File, Format Version 12.00
# Visual Studio Version 16
VisualStudioVersion = 16.0.29613.14
MinimumVisualStudioVersion = 10.0.40219.1
Project("{FAE04EC0-301F-11D3-BF4B-00C04F79EFBC}") = "Practical 6", "Practical 6\Practical 6.csproj", "{3EE716BD-14F0-4885-83CA-AA5844DFCC46}"
EndProject
Global
	GlobalSection(SolutionConfigurationPlatforms) = preSolution
		Debug|Any CPU = Debug|Any CPU
		Release|Any CPU = Release|Any CPU
	EndGlobalSection
	GlobalSection(ProjectConfigurationPlatforms) = postSolution
		{3EE716BD-14F0-4885-83CA-AA5844DFCC46}.Debug|Any CPU.ActiveCfg = Debug|Any CPU
		{3EE716BD-14F0-4885-83CA-AA5844DFCC46}.Debug|Any CPU.Build.0 = Debug|Any CPU
		{3EE716BD-14F0-4885-83CA-AA5844DFCC46}.Release|Any CPU.ActiveCfg = Release|Any CPU
		{3EE716BD-14F0-4885-83CA-AA5844DFCC46}.Release|Any CPU.Build.0 = Release|Any CPU
	EndGlobalSection
	GlobalSection(SolutionProperties) = preSolution
		HideSolutionNode = FALSE
	EndGlobalSection
	GlobalSection(ExtensibilityGlobals) = postSolution
		SolutionGuid = {202C5DD5-9739-4867-AB84-32B9EEC4BA58}
	EndGlobalSection
EndGlobal
