
Microsoft Visual Studio Solution File, Format Version 12.00
# Visual Studio Version 16
VisualStudioVersion = 16.0.29613.14
MinimumVisualStudioVersion = 10.0.40219.1
Project("{FAE04EC0-301F-11D3-BF4B-00C04F79EFBC}") = "CoronaHomeWork", "CoronaHomeWork\CoronaHomeWork.csproj", "{5909F319-E3DE-4CDD-9B6B-FB3CDE4280C1}"
EndProject
Global
	GlobalSection(SolutionConfigurationPlatforms) = preSolution
		Debug|Any CPU = Debug|Any CPU
		Release|Any CPU = Release|Any CPU
	EndGlobalSection
	GlobalSection(ProjectConfigurationPlatforms) = postSolution
		{5909F319-E3DE-4CDD-9B6B-FB3CDE4280C1}.Debug|Any CPU.ActiveCfg = Debug|Any CPU
		{5909F319-E3DE-4CDD-9B6B-FB3CDE4280C1}.Debug|Any CPU.Build.0 = Debug|Any CPU
		{5909F319-E3DE-4CDD-9B6B-FB3CDE4280C1}.Release|Any CPU.ActiveCfg = Release|Any CPU
		{5909F319-E3DE-4CDD-9B6B-FB3CDE4280C1}.Release|Any CPU.Build.0 = Release|Any CPU
	EndGlobalSection
	GlobalSection(SolutionProperties) = preSolution
		HideSolutionNode = FALSE
	EndGlobalSection
	GlobalSection(ExtensibilityGlobals) = postSolution
		SolutionGuid = {59FB4206-45C2-4CBA-90C8-015CFFD30BCD}
	EndGlobalSection
EndGlobal
