
Microsoft Visual Studio Solution File, Format Version 12.00
# Visual Studio Version 16
VisualStudioVersion = 16.0.29613.14
MinimumVisualStudioVersion = 10.0.40219.1
Project("{FAE04EC0-301F-11D3-BF4B-00C04F79EFBC}") = "ThirdDigitNumber", "ThirdDigitNumber\ThirdDigitNumber.csproj", "{64C52284-E7F8-4C4A-B888-974279F890F2}"
EndProject
Global
	GlobalSection(SolutionConfigurationPlatforms) = preSolution
		Debug|Any CPU = Debug|Any CPU
		Release|Any CPU = Release|Any CPU
	EndGlobalSection
	GlobalSection(ProjectConfigurationPlatforms) = postSolution
		{64C52284-E7F8-4C4A-B888-974279F890F2}.Debug|Any CPU.ActiveCfg = Debug|Any CPU
		{64C52284-E7F8-4C4A-B888-974279F890F2}.Debug|Any CPU.Build.0 = Debug|Any CPU
		{64C52284-E7F8-4C4A-B888-974279F890F2}.Release|Any CPU.ActiveCfg = Release|Any CPU
		{64C52284-E7F8-4C4A-B888-974279F890F2}.Release|Any CPU.Build.0 = Release|Any CPU
	EndGlobalSection
	GlobalSection(SolutionProperties) = preSolution
		HideSolutionNode = FALSE
	EndGlobalSection
	GlobalSection(ExtensibilityGlobals) = postSolution
		SolutionGuid = {20024134-AF16-428D-8BD8-BEEAC71797ED}
	EndGlobalSection
EndGlobal
