
Microsoft Visual Studio Solution File, Format Version 12.00
# Visual Studio Version 16
VisualStudioVersion = 16.0.29613.14
MinimumVisualStudioVersion = 10.0.40219.1
Project("{FAE04EC0-301F-11D3-BF4B-00C04F79EFBC}") = "Swap", "Swap\Swap.csproj", "{BFB19C97-4581-43BA-B69D-C6A1A8E5E1AA}"
EndProject
Global
	GlobalSection(SolutionConfigurationPlatforms) = preSolution
		Debug|Any CPU = Debug|Any CPU
		Release|Any CPU = Release|Any CPU
	EndGlobalSection
	GlobalSection(ProjectConfigurationPlatforms) = postSolution
		{BFB19C97-4581-43BA-B69D-C6A1A8E5E1AA}.Debug|Any CPU.ActiveCfg = Debug|Any CPU
		{BFB19C97-4581-43BA-B69D-C6A1A8E5E1AA}.Debug|Any CPU.Build.0 = Debug|Any CPU
		{BFB19C97-4581-43BA-B69D-C6A1A8E5E1AA}.Release|Any CPU.ActiveCfg = Release|Any CPU
		{BFB19C97-4581-43BA-B69D-C6A1A8E5E1AA}.Release|Any CPU.Build.0 = Release|Any CPU
	EndGlobalSection
	GlobalSection(SolutionProperties) = preSolution
		HideSolutionNode = FALSE
	EndGlobalSection
	GlobalSection(ExtensibilityGlobals) = postSolution
		SolutionGuid = {C8616EBD-FAE5-4DC2-A88E-C40D4B5C4C64}
	EndGlobalSection
EndGlobal
