
Microsoft Visual Studio Solution File, Format Version 12.00
# Visual Studio Version 16
VisualStudioVersion = 16.0.29613.14
MinimumVisualStudioVersion = 10.0.40219.1
Project("{FAE04EC0-301F-11D3-BF4B-00C04F79EFBC}") = "ExchangeBits", "ExchangeBits\ExchangeBits.csproj", "{2EDA2D98-526D-4740-AC8D-CE5645D1B13D}"
EndProject
Global
	GlobalSection(SolutionConfigurationPlatforms) = preSolution
		Debug|Any CPU = Debug|Any CPU
		Release|Any CPU = Release|Any CPU
	EndGlobalSection
	GlobalSection(ProjectConfigurationPlatforms) = postSolution
		{2EDA2D98-526D-4740-AC8D-CE5645D1B13D}.Debug|Any CPU.ActiveCfg = Debug|Any CPU
		{2EDA2D98-526D-4740-AC8D-CE5645D1B13D}.Debug|Any CPU.Build.0 = Debug|Any CPU
		{2EDA2D98-526D-4740-AC8D-CE5645D1B13D}.Release|Any CPU.ActiveCfg = Release|Any CPU
		{2EDA2D98-526D-4740-AC8D-CE5645D1B13D}.Release|Any CPU.Build.0 = Release|Any CPU
	EndGlobalSection
	GlobalSection(SolutionProperties) = preSolution
		HideSolutionNode = FALSE
	EndGlobalSection
	GlobalSection(ExtensibilityGlobals) = postSolution
		SolutionGuid = {EAC8A4F7-D8E4-4359-A7D1-2FC30912C814}
	EndGlobalSection
EndGlobal
